
Microsoft Visual Studio Solution File, Format Version 12.00
# Visual Studio Version 17
VisualStudioVersion = 17.3.32929.385
MinimumVisualStudioVersion = 10.0.40219.1
Project("{9A19103F-16F7-4668-BE54-9A1E7A4F7556}") = "ZGenCodeGenerator", "ZGenCodeGenerator\ZGenCodeGenerator.csproj", "{8DB39F5D-08D5-44C3-8533-361C884EDD44}"
EndProject
Project("{FAE04EC0-301F-11D3-BF4B-00C04F79EFBC}") = "ZGenCodeGenerator.Tests", "ZGenCodeGenerator.Tests\ZGenCodeGenerator.Tests.csproj", "{3C8C945E-9857-48FC-9384-71BFE2F7B75B}"
EndProject
Global
	GlobalSection(SolutionConfigurationPlatforms) = preSolution
		Debug|Any CPU = Debug|Any CPU
		Release|Any CPU = Release|Any CPU
	EndGlobalSection
	GlobalSection(ProjectConfigurationPlatforms) = postSolution
		{8DB39F5D-08D5-44C3-8533-361C884EDD44}.Debug|Any CPU.ActiveCfg = Debug|Any CPU
		{8DB39F5D-08D5-44C3-8533-361C884EDD44}.Debug|Any CPU.Build.0 = Debug|Any CPU
		{8DB39F5D-08D5-44C3-8533-361C884EDD44}.Release|Any CPU.ActiveCfg = Release|Any CPU
		{8DB39F5D-08D5-44C3-8533-361C884EDD44}.Release|Any CPU.Build.0 = Release|Any CPU
		{3C8C945E-9857-48FC-9384-71BFE2F7B75B}.Debug|Any CPU.ActiveCfg = Debug|Any CPU
		{3C8C945E-9857-48FC-9384-71BFE2F7B75B}.Debug|Any CPU.Build.0 = Debug|Any CPU
		{3C8C945E-9857-48FC-9384-71BFE2F7B75B}.Release|Any CPU.ActiveCfg = Release|Any CPU
		{3C8C945E-9857-48FC-9384-71BFE2F7B75B}.Release|Any CPU.Build.0 = Release|Any CPU
	EndGlobalSection
	GlobalSection(SolutionProperties) = preSolution
		HideSolutionNode = FALSE
	EndGlobalSection
	GlobalSection(ExtensibilityGlobals) = postSolution
		SolutionGuid = {D08635B6-308D-4807-A9B9-BB9438312C3D}
	EndGlobalSection
EndGlobal
